
Microsoft Visual Studio Solution File, Format Version 12.00
# Visual Studio Version 17
VisualStudioVersion = 17.8.34309.116
MinimumVisualStudioVersion = 10.0.40219.1
Project("{FAE04EC0-301F-11D3-BF4B-00C04F79EFBC}") = "GFXSD", "GFXSD\GFXSD.csproj", "{1E25B26F-29A0-430F-9B82-CCD5EA7389BA}"
EndProject
Global
	GlobalSection(SolutionConfigurationPlatforms) = preSolution
		Debug|Any CPU = Debug|Any CPU
		Release|Any CPU = Release|Any CPU
	EndGlobalSection
	GlobalSection(ProjectConfigurationPlatforms) = postSolution
		{1E25B26F-29A0-430F-9B82-CCD5EA7389BA}.Debug|Any CPU.ActiveCfg = Debug|Any CPU
		{1E25B26F-29A0-430F-9B82-CCD5EA7389BA}.Debug|Any CPU.Build.0 = Debug|Any CPU
		{1E25B26F-29A0-430F-9B82-CCD5EA7389BA}.Release|Any CPU.ActiveCfg = Release|Any CPU
		{1E25B26F-29A0-430F-9B82-CCD5EA7389BA}.Release|Any CPU.Build.0 = Release|Any CPU
	EndGlobalSection
	GlobalSection(SolutionProperties) = preSolution
		HideSolutionNode = FALSE
	EndGlobalSection
	GlobalSection(ExtensibilityGlobals) = postSolution
		SolutionGuid = {54A983F6-C8CF-4D2B-9DC8-886F7B1598F5}
	EndGlobalSection
EndGlobal
